# THIS IS AN AUTOGENERATED FILE. DO NOT EDIT THIS FILE DIRECTLY.
# yarn lockfile v1


bindings@~1.2.1:
  version "1.2.1"
  resolved "https://registry.yarnpkg.com/bindings/-/bindings-1.2.1.tgz#14ad6113812d2d37d72e67b4cacb4bb726505f11"
  integrity sha512-u4cBQNepWxYA55FunZSM7wMi55yQaN0otnhhilNoWHq0MfOfJeQx0v0mRRpolGOExPjZcl6FtB0BB8Xkb88F0g==

mdns@^2.7.2:
  version "2.7.2"
  resolved "https://registry.yarnpkg.com/mdns/-/mdns-2.7.2.tgz#1629077b950e2a9bdb02e370d505ff4fa2ace0ff"
  integrity sha512-NBOQT22DKvuNWVY7nKNbs6w9eGRyPwnc4ZjKOsCG2G/4wNt1+IyiHvc+5yhcAUZLG46cOY321YW7Ufz3lMtrhw==
  dependencies:
    bindings "~1.2.1"
    nan "^2.14.0"

nan@^2.14.0:
  version "2.22.0"
  resolved "https://registry.yarnpkg.com/nan/-/nan-2.22.0.tgz#31bc433fc33213c97bad36404bb68063de604de3"
  integrity sha512-nbajikzWTMwsW+eSsNm3QwlOs7het9gGJU5dDZzRTQGk03vyBOauxgI4VakDzE0PtsGTmXPsXTbbjVhRwR5mpw==
